
Microsoft Visual Studio Solution File, Format Version 12.00
# Visual Studio Version 16
VisualStudioVersion = 16.0.31624.102
MinimumVisualStudioVersion = 10.0.40219.1
Project("{FAE04EC0-301F-11D3-BF4B-00C04F79EFBC}") = "PDF ToolBox.UWP", "PDF ToolBox\PDF ToolBox.UWP\PDF ToolBox.UWP.csproj", "{57A842D8-DD23-4BFE-8436-5DC16AAF2B73}"
EndProject
Project("{FAE04EC0-301F-11D3-BF4B-00C04F79EFBC}") = "PDF ToolBox.Android", "PDF ToolBox\PDF ToolBox.Android\PDF ToolBox.Android.csproj", "{AF1ABA51-2A07-4BF2-AEA0-E7B0EF9A0ABD}"
EndProject
Project("{FAE04EC0-301F-11D3-BF4B-00C04F79EFBC}") = "PDF ToolBox.iOS", "PDF ToolBox\PDF ToolBox.iOS\PDF ToolBox.iOS.csproj", "{405DB372-3984-40AF-82CD-1AEC9BA91A00}"
EndProject
Project("{FAE04EC0-301F-11D3-BF4B-00C04F79EFBC}") = "PDF ToolBox", "PDF ToolBox\PDF ToolBox\PDF ToolBox.csproj", "{A326F238-4205-488E-9205-6C3EC537409A}"
EndProject
Global
	GlobalSection(SolutionConfigurationPlatforms) = preSolution
		Debug|Any CPU = Debug|Any CPU
		Debug|ARM = Debug|ARM
		Debug|iPhone = Debug|iPhone
		Debug|iPhoneSimulator = Debug|iPhoneSimulator
		Debug|x64 = Debug|x64
		Debug|x86 = Debug|x86
		Release|Any CPU = Release|Any CPU
		Release|ARM = Release|ARM
		Release|iPhone = Release|iPhone
		Release|iPhoneSimulator = Release|iPhoneSimulator
		Release|x64 = Release|x64
		Release|x86 = Release|x86
	EndGlobalSection
	GlobalSection(ProjectConfigurationPlatforms) = postSolution
		{57A842D8-DD23-4BFE-8436-5DC16AAF2B73}.Debug|Any CPU.ActiveCfg = Debug|x86
		{57A842D8-DD23-4BFE-8436-5DC16AAF2B73}.Debug|Any CPU.Build.0 = Debug|x86
		{57A842D8-DD23-4BFE-8436-5DC16AAF2B73}.Debug|Any CPU.Deploy.0 = Debug|x86
		{57A842D8-DD23-4BFE-8436-5DC16AAF2B73}.Debug|ARM.ActiveCfg = Debug|ARM
		{57A842D8-DD23-4BFE-8436-5DC16AAF2B73}.Debug|ARM.Build.0 = Debug|ARM
		{57A842D8-DD23-4BFE-8436-5DC16AAF2B73}.Debug|ARM.Deploy.0 = Debug|ARM
		{57A842D8-DD23-4BFE-8436-5DC16AAF2B73}.Debug|iPhone.ActiveCfg = Debug|x86
		{57A842D8-DD23-4BFE-8436-5DC16AAF2B73}.Debug|iPhone.Build.0 = Debug|x86
		{57A842D8-DD23-4BFE-8436-5DC16AAF2B73}.Debug|iPhone.Deploy.0 = Debug|x86
		{57A842D8-DD23-4BFE-8436-5DC16AAF2B73}.Debug|iPhoneSimulator.ActiveCfg = Debug|x86
		{57A842D8-DD23-4BFE-8436-5DC16AAF2B73}.Debug|iPhoneSimulator.Build.0 = Debug|x86
		{57A842D8-DD23-4BFE-8436-5DC16AAF2B73}.Debug|iPhoneSimulator.Deploy.0 = Debug|x86
		{57A842D8-DD23-4BFE-8436-5DC16AAF2B73}.Debug|x64.ActiveCfg = Debug|x64
		{57A842D8-DD23-4BFE-8436-5DC16AAF2B73}.Debug|x64.Build.0 = Debug|x64
		{57A842D8-DD23-4BFE-8436-5DC16AAF2B73}.Debug|x64.Deploy.0 = Debug|x64
		{57A842D8-DD23-4BFE-8436-5DC16AAF2B73}.Debug|x86.ActiveCfg = Debug|x86
		{57A842D8-DD23-4BFE-8436-5DC16AAF2B73}.Debug|x86.Build.0 = Debug|x86
		{57A842D8-DD23-4BFE-8436-5DC16AAF2B73}.Debug|x86.Deploy.0 = Debug|x86
		{57A842D8-DD23-4BFE-8436-5DC16AAF2B73}.Release|Any CPU.ActiveCfg = Release|x86
		{57A842D8-DD23-4BFE-8436-5DC16AAF2B73}.Release|Any CPU.Build.0 = Release|x86
		{57A842D8-DD23-4BFE-8436-5DC16AAF2B73}.Release|Any CPU.Deploy.0 = Release|x86
		{57A842D8-DD23-4BFE-8436-5DC16AAF2B73}.Release|ARM.ActiveCfg = Release|ARM
		{57A842D8-DD23-4BFE-8436-5DC16AAF2B73}.Release|ARM.Build.0 = Release|ARM
		{57A842D8-DD23-4BFE-8436-5DC16AAF2B73}.Release|ARM.Deploy.0 = Release|ARM
		{57A842D8-DD23-4BFE-8436-5DC16AAF2B73}.Release|iPhone.ActiveCfg = Release|x86
		{57A842D8-DD23-4BFE-8436-5DC16AAF2B73}.Release|iPhone.Build.0 = Release|x86
		{57A842D8-DD23-4BFE-8436-5DC16AAF2B73}.Release|iPhone.Deploy.0 = Release|x86
		{57A842D8-DD23-4BFE-8436-5DC16AAF2B73}.Release|iPhoneSimulator.ActiveCfg = Release|x86
		{57A842D8-DD23-4BFE-8436-5DC16AAF2B73}.Release|iPhoneSimulator.Build.0 = Release|x86
		{57A842D8-DD23-4BFE-8436-5DC16AAF2B73}.Release|iPhoneSimulator.Deploy.0 = Release|x86
		{57A842D8-DD23-4BFE-8436-5DC16AAF2B73}.Release|x64.ActiveCfg = Release|x64
		{57A842D8-DD23-4BFE-8436-5DC16AAF2B73}.Release|x64.Build.0 = Release|x64
		{57A842D8-DD23-4BFE-8436-5DC16AAF2B73}.Release|x64.Deploy.0 = Release|x64
		{57A842D8-DD23-4BFE-8436-5DC16AAF2B73}.Release|x86.ActiveCfg = Release|x86
		{57A842D8-DD23-4BFE-8436-5DC16AAF2B73}.Release|x86.Build.0 = Release|x86
		{57A842D8-DD23-4BFE-8436-5DC16AAF2B73}.Release|x86.Deploy.0 = Release|x86
		{AF1ABA51-2A07-4BF2-AEA0-E7B0EF9A0ABD}.Debug|Any CPU.ActiveCfg = Debug|Any CPU
		{AF1ABA51-2A07-4BF2-AEA0-E7B0EF9A0ABD}.Debug|Any CPU.Build.0 = Debug|Any CPU
		{AF1ABA51-2A07-4BF2-AEA0-E7B0EF9A0ABD}.Debug|Any CPU.Deploy.0 = Debug|Any CPU
		{AF1ABA51-2A07-4BF2-AEA0-E7B0EF9A0ABD}.Debug|ARM.ActiveCfg = Debug|Any CPU
		{AF1ABA51-2A07-4BF2-AEA0-E7B0EF9A0ABD}.Debug|ARM.Build.0 = Debug|Any CPU
		{AF1ABA51-2A07-4BF2-AEA0-E7B0EF9A0ABD}.Debug|ARM.Deploy.0 = Debug|Any CPU
		{AF1ABA51-2A07-4BF2-AEA0-E7B0EF9A0ABD}.Debug|iPhone.ActiveCfg = Debug|Any CPU
		{AF1ABA51-2A07-4BF2-AEA0-E7B0EF9A0ABD}.Debug|iPhone.Build.0 = Debug|Any CPU
		{AF1ABA51-2A07-4BF2-AEA0-E7B0EF9A0ABD}.Debug|iPhone.Deploy.0 = Debug|Any CPU
		{AF1ABA51-2A07-4BF2-AEA0-E7B0EF9A0ABD}.Debug|iPhoneSimulator.ActiveCfg = Debug|Any CPU
		{AF1ABA51-2A07-4BF2-AEA0-E7B0EF9A0ABD}.Debug|iPhoneSimulator.Build.0 = Debug|Any CPU
		{AF1ABA51-2A07-4BF2-AEA0-E7B0EF9A0ABD}.Debug|iPhoneSimulator.Deploy.0 = Debug|Any CPU
		{AF1ABA51-2A07-4BF2-AEA0-E7B0EF9A0ABD}.Debug|x64.ActiveCfg = Debug|Any CPU
		{AF1ABA51-2A07-4BF2-AEA0-E7B0EF9A0ABD}.Debug|x64.Build.0 = Debug|Any CPU
		{AF1ABA51-2A07-4BF2-AEA0-E7B0EF9A0ABD}.Debug|x64.Deploy.0 = Debug|Any CPU
		{AF1ABA51-2A07-4BF2-AEA0-E7B0EF9A0ABD}.Debug|x86.ActiveCfg = Debug|Any CPU
		{AF1ABA51-2A07-4BF2-AEA0-E7B0EF9A0ABD}.Debug|x86.Build.0 = Debug|Any CPU
		{AF1ABA51-2A07-4BF2-AEA0-E7B0EF9A0ABD}.Debug|x86.Deploy.0 = Debug|Any CPU
		{AF1ABA51-2A07-4BF2-AEA0-E7B0EF9A0ABD}.Release|Any CPU.ActiveCfg = Release|Any CPU
		{AF1ABA51-2A07-4BF2-AEA0-E7B0EF9A0ABD}.Release|Any CPU.Build.0 = Release|Any CPU
		{AF1ABA51-2A07-4BF2-AEA0-E7B0EF9A0ABD}.Release|Any CPU.Deploy.0 = Release|Any CPU
		{AF1ABA51-2A07-4BF2-AEA0-E7B0EF9A0ABD}.Release|ARM.ActiveCfg = Release|Any CPU
		{AF1ABA51-2A07-4BF2-AEA0-E7B0EF9A0ABD}.Release|ARM.Build.0 = Release|Any CPU
		{AF1ABA51-2A07-4BF2-AEA0-E7B0EF9A0ABD}.Release|ARM.Deploy.0 = Release|Any CPU
		{AF1ABA51-2A07-4BF2-AEA0-E7B0EF9A0ABD}.Release|iPhone.ActiveCfg = Release|Any CPU
		{AF1ABA51-2A07-4BF2-AEA0-E7B0EF9A0ABD}.Release|iPhone.Build.0 = Release|Any CPU
		{AF1ABA51-2A07-4BF2-AEA0-E7B0EF9A0ABD}.Release|iPhone.Deploy.0 = Release|Any CPU
		{AF1ABA51-2A07-4BF2-AEA0-E7B0EF9A0ABD}.Release|iPhoneSimulator.ActiveCfg = Release|Any CPU
		{AF1ABA51-2A07-4BF2-AEA0-E7B0EF9A0ABD}.Release|iPhoneSimulator.Build.0 = Release|Any CPU
		{AF1ABA51-2A07-4BF2-AEA0-E7B0EF9A0ABD}.Release|iPhoneSimulator.Deploy.0 = Release|Any CPU
		{AF1ABA51-2A07-4BF2-AEA0-E7B0EF9A0ABD}.Release|x64.ActiveCfg = Release|Any CPU
		{AF1ABA51-2A07-4BF2-AEA0-E7B0EF9A0ABD}.Release|x64.Build.0 = Release|Any CPU
		{AF1ABA51-2A07-4BF2-AEA0-E7B0EF9A0ABD}.Release|x64.Deploy.0 = Release|Any CPU
		{AF1ABA51-2A07-4BF2-AEA0-E7B0EF9A0ABD}.Release|x86.ActiveCfg = Release|Any CPU
		{AF1ABA51-2A07-4BF2-AEA0-E7B0EF9A0ABD}.Release|x86.Build.0 = Release|Any CPU
		{AF1ABA51-2A07-4BF2-AEA0-E7B0EF9A0ABD}.Release|x86.Deploy.0 = Release|Any CPU
		{405DB372-3984-40AF-82CD-1AEC9BA91A00}.Debug|Any CPU.ActiveCfg = Debug|iPhoneSimulator
		{405DB372-3984-40AF-82CD-1AEC9BA91A00}.Debug|Any CPU.Build.0 = Debug|iPhoneSimulator
		{405DB372-3984-40AF-82CD-1AEC9BA91A00}.Debug|Any CPU.Deploy.0 = Debug|iPhoneSimulator
		{405DB372-3984-40AF-82CD-1AEC9BA91A00}.Debug|ARM.ActiveCfg = Debug|iPhone
		{405DB372-3984-40AF-82CD-1AEC9BA91A00}.Debug|ARM.Build.0 = Debug|iPhone
		{405DB372-3984-40AF-82CD-1AEC9BA91A00}.Debug|ARM.Deploy.0 = Debug|iPhone
		{405DB372-3984-40AF-82CD-1AEC9BA91A00}.Debug|iPhone.ActiveCfg = Debug|iPhone
		{405DB372-3984-40AF-82CD-1AEC9BA91A00}.Debug|iPhone.Build.0 = Debug|iPhone
		{405DB372-3984-40AF-82CD-1AEC9BA91A00}.Debug|iPhone.Deploy.0 = Debug|iPhone
		{405DB372-3984-40AF-82CD-1AEC9BA91A00}.Debug|iPhoneSimulator.ActiveCfg = Debug|iPhoneSimulator
		{405DB372-3984-40AF-82CD-1AEC9BA91A00}.Debug|iPhoneSimulator.Build.0 = Debug|iPhoneSimulator
		{405DB372-3984-40AF-82CD-1AEC9BA91A00}.Debug|iPhoneSimulator.Deploy.0 = Debug|iPhoneSimulator
		{405DB372-3984-40AF-82CD-1AEC9BA91A00}.Debug|x64.ActiveCfg = Debug|iPhoneSimulator
		{405DB372-3984-40AF-82CD-1AEC9BA91A00}.Debug|x64.Build.0 = Debug|iPhoneSimulator
		{405DB372-3984-40AF-82CD-1AEC9BA91A00}.Debug|x64.Deploy.0 = Debug|iPhoneSimulator
		{405DB372-3984-40AF-82CD-1AEC9BA91A00}.Debug|x86.ActiveCfg = Debug|iPhoneSimulator
		{405DB372-3984-40AF-82CD-1AEC9BA91A00}.Debug|x86.Build.0 = Debug|iPhoneSimulator
		{405DB372-3984-40AF-82CD-1AEC9BA91A00}.Debug|x86.Deploy.0 = Debug|iPhoneSimulator
		{405DB372-3984-40AF-82CD-1AEC9BA91A00}.Release|Any CPU.ActiveCfg = Release|iPhoneSimulator
		{405DB372-3984-40AF-82CD-1AEC9BA91A00}.Release|Any CPU.Build.0 = Release|iPhoneSimulator
		{405DB372-3984-40AF-82CD-1AEC9BA91A00}.Release|Any CPU.Deploy.0 = Release|iPhoneSimulator
		{405DB372-3984-40AF-82CD-1AEC9BA91A00}.Release|ARM.ActiveCfg = Release|iPhoneSimulator
		{405DB372-3984-40AF-82CD-1AEC9BA91A00}.Release|ARM.Build.0 = Release|iPhoneSimulator
		{405DB372-3984-40AF-82CD-1AEC9BA91A00}.Release|ARM.Deploy.0 = Release|iPhoneSimulator
		{405DB372-3984-40AF-82CD-1AEC9BA91A00}.Release|iPhone.ActiveCfg = Release|iPhone
		{405DB372-3984-40AF-82CD-1AEC9BA91A00}.Release|iPhone.Build.0 = Release|iPhone
		{405DB372-3984-40AF-82CD-1AEC9BA91A00}.Release|iPhone.Deploy.0 = Release|iPhone
		{405DB372-3984-40AF-82CD-1AEC9BA91A00}.Release|iPhoneSimulator.ActiveCfg = Release|iPhoneSimulator
		{405DB372-3984-40AF-82CD-1AEC9BA91A00}.Release|iPhoneSimulator.Build.0 = Release|iPhoneSimulator
		{405DB372-3984-40AF-82CD-1AEC9BA91A00}.Release|iPhoneSimulator.Deploy.0 = Release|iPhoneSimulator
		{405DB372-3984-40AF-82CD-1AEC9BA91A00}.Release|x64.ActiveCfg = Release|iPhoneSimulator
		{405DB372-3984-40AF-82CD-1AEC9BA91A00}.Release|x64.Build.0 = Release|iPhoneSimulator
		{405DB372-3984-40AF-82CD-1AEC9BA91A00}.Release|x64.Deploy.0 = Release|iPhoneSimulator
		{405DB372-3984-40AF-82CD-1AEC9BA91A00}.Release|x86.ActiveCfg = Release|iPhoneSimulator
		{405DB372-3984-40AF-82CD-1AEC9BA91A00}.Release|x86.Build.0 = Release|iPhoneSimulator
		{405DB372-3984-40AF-82CD-1AEC9BA91A00}.Release|x86.Deploy.0 = Release|iPhoneSimulator
		{A326F238-4205-488E-9205-6C3EC537409A}.Debug|Any CPU.ActiveCfg = Debug|Any CPU
		{A326F238-4205-488E-9205-6C3EC537409A}.Debug|Any CPU.Build.0 = Debug|Any CPU
		{A326F238-4205-488E-9205-6C3EC537409A}.Debug|Any CPU.Deploy.0 = Debug|Any CPU
		{A326F238-4205-488E-9205-6C3EC537409A}.Debug|ARM.ActiveCfg = Debug|Any CPU
		{A326F238-4205-488E-9205-6C3EC537409A}.Debug|ARM.Build.0 = Debug|Any CPU
		{A326F238-4205-488E-9205-6C3EC537409A}.Debug|ARM.Deploy.0 = Debug|Any CPU
		{A326F238-4205-488E-9205-6C3EC537409A}.Debug|iPhone.ActiveCfg = Debug|Any CPU
		{A326F238-4205-488E-9205-6C3EC537409A}.Debug|iPhone.Build.0 = Debug|Any CPU
		{A326F238-4205-488E-9205-6C3EC537409A}.Debug|iPhone.Deploy.0 = Debug|Any CPU
		{A326F238-4205-488E-9205-6C3EC537409A}.Debug|iPhoneSimulator.ActiveCfg = Debug|Any CPU
		{A326F238-4205-488E-9205-6C3EC537409A}.Debug|iPhoneSimulator.Build.0 = Debug|Any CPU
		{A326F238-4205-488E-9205-6C3EC537409A}.Debug|iPhoneSimulator.Deploy.0 = Debug|Any CPU
		{A326F238-4205-488E-9205-6C3EC537409A}.Debug|x64.ActiveCfg = Debug|Any CPU
		{A326F238-4205-488E-9205-6C3EC537409A}.Debug|x64.Build.0 = Debug|Any CPU
		{A326F238-4205-488E-9205-6C3EC537409A}.Debug|x64.Deploy.0 = Debug|Any CPU
		{A326F238-4205-488E-9205-6C3EC537409A}.Debug|x86.ActiveCfg = Debug|Any CPU
		{A326F238-4205-488E-9205-6C3EC537409A}.Debug|x86.Build.0 = Debug|Any CPU
		{A326F238-4205-488E-9205-6C3EC537409A}.Debug|x86.Deploy.0 = Debug|Any CPU
		{A326F238-4205-488E-9205-6C3EC537409A}.Release|Any CPU.ActiveCfg = Release|Any CPU
		{A326F238-4205-488E-9205-6C3EC537409A}.Release|Any CPU.Build.0 = Release|Any CPU
		{A326F238-4205-488E-9205-6C3EC537409A}.Release|Any CPU.Deploy.0 = Release|Any CPU
		{A326F238-4205-488E-9205-6C3EC537409A}.Release|ARM.ActiveCfg = Release|Any CPU
		{A326F238-4205-488E-9205-6C3EC537409A}.Release|ARM.Build.0 = Release|Any CPU
		{A326F238-4205-488E-9205-6C3EC537409A}.Release|ARM.Deploy.0 = Release|Any CPU
		{A326F238-4205-488E-9205-6C3EC537409A}.Release|iPhone.ActiveCfg = Release|Any CPU
		{A326F238-4205-488E-9205-6C3EC537409A}.Release|iPhone.Build.0 = Release|Any CPU
		{A326F238-4205-488E-9205-6C3EC537409A}.Release|iPhone.Deploy.0 = Release|Any CPU
		{A326F238-4205-488E-9205-6C3EC537409A}.Release|iPhoneSimulator.ActiveCfg = Release|Any CPU
		{A326F238-4205-488E-9205-6C3EC537409A}.Release|iPhoneSimulator.Build.0 = Release|Any CPU
		{A326F238-4205-488E-9205-6C3EC537409A}.Release|iPhoneSimulator.Deploy.0 = Release|Any CPU
		{A326F238-4205-488E-9205-6C3EC537409A}.Release|x64.ActiveCfg = Release|Any CPU
		{A326F238-4205-488E-9205-6C3EC537409A}.Release|x64.Build.0 = Release|Any CPU
		{A326F238-4205-488E-9205-6C3EC537409A}.Release|x64.Deploy.0 = Release|Any CPU
		{A326F238-4205-488E-9205-6C3EC537409A}.Release|x86.ActiveCfg = Release|Any CPU
		{A326F238-4205-488E-9205-6C3EC537409A}.Release|x86.Build.0 = Release|Any CPU
		{A326F238-4205-488E-9205-6C3EC537409A}.Release|x86.Deploy.0 = Release|Any CPU
	EndGlobalSection
	GlobalSection(SolutionProperties) = preSolution
		HideSolutionNode = FALSE
	EndGlobalSection
	GlobalSection(ExtensibilityGlobals) = postSolution
		SolutionGuid = {A690FBEE-8F5B-4DC0-AAB3-79DC96387000}
	EndGlobalSection
EndGlobal
